github.com/k2-fsa/sherpa-onnx-go v1.12.27 h1:sccL+k+m6RqRTtGhXdNtwT3kQRt+f8u51g4BRwJCa7A=
github.com/k2-fsa/sherpa-onnx-go v1.12.27/go.mod h1:B/ynRbVa5gpYoZYeYgY3zPi4MTfKk95UZueZDSIhbjk=
github.com/k2-fsa/sherpa-onnx-go-linux v1.12.28 h1:2fqhx0ClqjQ6bzps8fvdPjWfo+hDp0xmNE5jgmT6p9c=
github.com/k2-fsa/sherpa-onnx-go-linux v1.12.28/go.mod h1:NXEH2rsBgTdqY59YpPq6CtSBlBAXy/8a9FmpLERU97I=
github.com/k2-fsa/sherpa-onnx-go-macos v1.12.28 h1:EHwSkSFztG1BTi1Tyde+5+4A+W8eUbAaV4AdDNXGyxQ=
github.com/k2-fsa/sherpa-onnx-go-macos v1.12.28/go.mod h1:ZOhUAXC62Unj0ZNfu6zxSFKcW96aXf7P3BsqiUyOBbE=
github.com/k2-fsa/sherpa-onnx-go-windows v1.12.28 h1:zwHJhx3QqC/BwjKap6MUqtu7EfnAsalzVrVpgfOAANU=
github.com/k2-fsa/sherpa-onnx-go-windows v1.12.28/go.mod h1:5AX7TU8+P/gInjglY1ijtWUM2b8iyR0QX4yEngzMe64=
gopkg.in/check.v1 v0.0.0-20161208181325-20d25e280405 h1:yhCVgyC4o1eVCa2tZl7eS0r+SDo693bJlVdllGtEeKM=
gopkg.in/check.v1 v0.0.0-20161208181325-20d25e280405/go.mod h1:Co6ibVJAznAaIkqp8huTwlJQCZ016jof/cbN4VW5Yz0=
gopkg.in/yaml.v3 v3.0.1 h1:fxVm/GzAzEWqLHuvctI91KS9hhNmmWOoWu0XTYJS7CA=
gopkg.in/yaml.v3 v3.0.1/go.mod h1:K4uyk7z7BCEPqu6E+C64Yfv1cQ7kz7rIZviUmN+EgEM=
